
Microsoft Visual Studio Solution File, Format Version 12.00
# Visual Studio 15
VisualStudioVersion = 15.0.28307.1259
MinimumVisualStudioVersion = 10.0.40219.1
Project("{FAE04EC0-301F-11D3-BF4B-00C04F79EFBC}") = "UserSignup", "UserSignup\UserSignup.csproj", "{8DC4EF33-F277-43AA-9D6B-7D965EB97E57}"
EndProject
Global
	GlobalSection(SolutionConfigurationPlatforms) = preSolution
		Debug|Any CPU = Debug|Any CPU
		Release|Any CPU = Release|Any CPU
	EndGlobalSection
	GlobalSection(ProjectConfigurationPlatforms) = postSolution
		{8DC4EF33-F277-43AA-9D6B-7D965EB97E57}.Debug|Any CPU.ActiveCfg = Debug|Any CPU
		{8DC4EF33-F277-43AA-9D6B-7D965EB97E57}.Debug|Any CPU.Build.0 = Debug|Any CPU
		{8DC4EF33-F277-43AA-9D6B-7D965EB97E57}.Release|Any CPU.ActiveCfg = Release|Any CPU
		{8DC4EF33-F277-43AA-9D6B-7D965EB97E57}.Release|Any CPU.Build.0 = Release|Any CPU
	EndGlobalSection
	GlobalSection(SolutionProperties) = preSolution
		HideSolutionNode = FALSE
	EndGlobalSection
	GlobalSection(ExtensibilityGlobals) = postSolution
		SolutionGuid = {E5D2B295-9D36-4813-9F30-D83DE27D1052}
	EndGlobalSection
EndGlobal
